// !$*UTF8*$!
{
	archiveVersion = 1;
	classes = {
	};
	objectVersion = 46;
	objects = {

/* Begin PBXBuildFile section */
		4C1582CF1DF962810026EA9C /* AppDelegate.swift in Sources */ = {isa = PBXBuildFile; fileRef = 4C1582CE1DF962810026EA9C /* AppDelegate.swift */; };
		4C1582D11DF962810026EA9C /* ViewController.swift in Sources */ = {isa = PBXBuildFile; fileRef = 4C1582D01DF962810026EA9C /* ViewController.swift */; };
		4C1582D41DF962810026EA9C /* Main.storyboard in Resources */ = {isa = PBXBuildFile; fileRef = 4C1582D21DF962810026EA9C /* Main.storyboard */; };
		4C1582D61DF962810026EA9C /* Assets.xcassets in Resources */ = {isa = PBXBuildFile; fileRef = 4C1582D51DF962810026EA9C /* Assets.xcassets */; };
		4C1582D91DF962810026EA9C /* LaunchScreen.storyboard in Resources */ = {isa = PBXBuildFile; fileRef = 4C1582D71DF962810026EA9C /* LaunchScreen.storyboard */; };
		4C1582E41DF962810026EA9C /* tipsyTests.swift in Sources */ = {isa = PBXBuildFile; fileRef = 4C1582E31DF962810026EA9C /* tipsyTests.swift */; };
		4C1582EF1DF962810026EA9C /* tipsyUITests.swift in Sources */ = {isa = PBXBuildFile; fileRef = 4C1582EE1DF962810026EA9C /* tipsyUITests.swift */; };
/* End PBXBuildFile section */

/* Begin PBXContainerItemProxy section */
		4C1582E01DF962810026EA9C /* PBXContainerItemProxy */ = {
			isa = PBXContainerItemProxy;
			containerPortal = 4C1582C31DF962810026EA9C /* Project object */;
			proxyType = 1;
			remoteGlobalIDString = 4C1582CA1DF962810026EA9C;
			remoteInfo = tipsy;
		};
		4C1582EB1DF962810026EA9C /* PBXContainerItemProxy */ = {
			isa = PBXContainerItemProxy;
			containerPortal = 4C1582C31DF962810026EA9C /* Project object */;
			proxyType = 1;
			remoteGlobalIDString = 4C1582CA1DF962810026EA9C;
			remoteInfo = tipsy;
		};
/* End PBXContainerItemProxy section */

/* Begin PBXFileReference section */
		4C1582CB1DF962810026EA9C /* tipsy.app */ = {isa = PBXFileReference; explicitFileType = wrapper.application; includeInIndex = 0; path = tipsy.app; sourceTree = BUILT_PRODUCTS_DIR; };
		4C1582CE1DF962810026EA9C /* AppDelegate.swift */ = {isa = PBXFileReference; lastKnownFileType = sourcecode.swift; path = AppDelegate.swift; sourceTree = "<group>"; };
		4C1582D01DF962810026EA9C /* ViewController.swift */ = {isa = PBXFileReference; lastKnownFileType = sourcecode.swift; path = ViewController.swift; sourceTree = "<group>"; };
		4C1582D31DF962810026EA9C /* Base */ = {isa = PBXFileReference; lastKnownFileType = file.storyboard; name = Base; path = Base.lproj/Main.storyboard; sourceTree = "<group>"; };
		4C1582D51DF962810026EA9C /* Assets.xcassets */ = {isa = PBXFileReference; lastKnownFileType = folder.assetcatalog; path = Assets.xcassets; sourceTree = "<group>"; };
		4C1582D81DF962810026EA9C /* Base */ = {isa = PBXFileReference; lastKnownFileType = file.storyboard; name = Base; path = Base.lproj/LaunchScreen.storyboard; sourceTree = "<group>"; };
		4C1582DA1DF962810026EA9C /* Info.plist */ = {isa = PBXFileReference; lastKnownFileType = text.plist.xml; path = Info.plist; sourceTree = "<group>"; };
		4C1582DF1DF962810026EA9C /* tipsyTests.xctest */ = {isa = PBXFileReference; explicitFileType = wrapper.cfbundle; includeInIndex = 0; path = tipsyTests.xctest; sourceTree = BUILT_PRODUCTS_DIR; };
		4C1582E31DF962810026EA9C /* tipsyTests.swift */ = {isa = PBXFileReference; lastKnownFileType = sourcecode.swift; path = tipsyTests.swift; sourceTree = "<group>"; };
		4C1582E51DF962810026EA9C /* Info.plist */ = {isa = PBXFileReference; lastKnownFileType = text.plist.xml; path = Info.plist; sourceTree = "<group>"; };
		4C1582EA1DF962810026EA9C /* tipsyUITests.xctest */ = {isa = PBXFileReference; explicitFileType = wrapper.cfbundle; includeInIndex = 0; path = tipsyUITests.xctest; sourceTree = BUILT_PRODUCTS_DIR; };
		4C1582EE1DF962810026EA9C /* tipsyUITests.swift */ = {isa = PBXFileReference; lastKnownFileType = sourcecode.swift; path = tipsyUITests.swift; sourceTree = "<group>"; };
		4C1582F01DF962810026EA9C /* Info.plist */ = {isa = PBXFileReference; lastKnownFileType = text.plist.xml; path = Info.plist; sourceTree = "<group>"; };
/* End PBXFileReference section */

/* Begin PBXFrameworksBuildPhase section */
		4C1582C81DF962810026EA9C /* Frameworks */ = {
			isa = PBXFrameworksBuildPhase;
			buildActionMask = 2147483647;
			files = (
			);
			runOnlyForDeploymentPostprocessing = 0;
		};
		4C1582DC1DF962810026EA9C /* Frameworks */ = {
			isa = PBXFrameworksBuildPhase;
			buildActionMask = 2147483647;
			files = (
			);
			runOnlyForDeploymentPostprocessing = 0;
		};
		4C1582E71DF962810026EA9C /* Frameworks */ = {
			isa = PBXFrameworksBuildPhase;
			buildActionMask = 2147483647;
			files = (
			);
			runOnlyForDeploymentPostprocessing = 0;
		};
/* End PBXFrameworksBuildPhase section */

/* Begin PBXGroup section */
		4C1582C21DF962810026EA9C = {
			isa = PBXGroup;
			children = (
				4C1582CD1DF962810026EA9C /* tipsy */,
				4C1582E21DF962810026EA9C /* tipsyTests */,
				4C1582ED1DF962810026EA9C /* tipsyUITests */,
				4C1582CC1DF962810026EA9C /* Products */,
			);
			sourceTree = "<group>";
		};
		4C1582CC1DF962810026EA9C /* Products */ = {
			isa = PBXGroup;
			children = (
				4C1582CB1DF962810026EA9C /* tipsy.app */,
				4C1582DF1DF962810026EA9C /* tipsyTests.xctest */,
				4C1582EA1DF962810026EA9C /* tipsyUITests.xctest */,
			);
			name = Products;
			sourceTree = "<group>";
		};
		4C1582CD1DF962810026EA9C /* tipsy */ = {
			isa = PBXGroup;
			children = (
				4C1582CE1DF962810026EA9C /* AppDelegate.swift */,
				4C1582D01DF962810026EA9C /* ViewController.swift */,
				4C1582D21DF962810026EA9C /* Main.storyboard */,
				4C1582D51DF962810026EA9C /* Assets.xcassets */,
				4C1582D71DF962810026EA9C /* LaunchScreen.storyboard */,
				4C1582DA1DF962810026EA9C /* Info.plist */,
			);
			path = tipsy;
			sourceTree = "<group>";
		};
		4C1582E21DF962810026EA9C /* tipsyTests */ = {
			isa = PBXGroup;
			children = (
				4C1582E31DF962810026EA9C /* tipsyTests.swift */,
				4C1582E51DF962810026EA9C /* Info.plist */,
			);
			path = tipsyTests;
			sourceTree = "<group>";
		};
		4C1582ED1DF962810026EA9C /* tipsyUITests */ = {
			isa = PBXGroup;
			children = (
				4C1582EE1DF962810026EA9C /* tipsyUITests.swift */,
				4C1582F01DF962810026EA9C /* Info.plist */,
			);
			path = tipsyUITests;
			sourceTree = "<group>";
		};
/* End PBXGroup section */

/* Begin PBXNativeTarget section */
		4C1582CA1DF962810026EA9C /* tipsy */ = {
			isa = PBXNativeTarget;
			buildConfigurationList = 4C1582F31DF962810026EA9C /* Build configuration list for PBXNativeTarget "tipsy" */;
			buildPhases = (
				4C1582C71DF962810026EA9C /* Sources */,
				4C1582C81DF962810026EA9C /* Frameworks */,
				4C1582C91DF962810026EA9C /* Resources */,
			);
			buildRules = (
			);
			dependencies = (
			);
			name = tipsy;
			productName = tipsy;
			productReference = 4C1582CB1DF962810026EA9C /* tipsy.app */;
			productType = "com.apple.product-type.application";
		};
		4C1582DE1DF962810026EA9C /* tipsyTests */ = {
			isa = PBXNativeTarget;
			buildConfigurationList = 4C1582F61DF962810026EA9C /* Build configuration list for PBXNativeTarget "tipsyTests" */;
			buildPhases = (
				4C1582DB1DF962810026EA9C /* Sources */,
				4C1582DC1DF962810026EA9C /* Frameworks */,
				4C1582DD1DF962810026EA9C /* Resources */,
			);
			buildRules = (
			);
			dependencies = (
				4C1582E11DF962810026EA9C /* PBXTargetDependency */,
			);
			name = tipsyTests;
			productName = tipsyTests;
			productReference = 4C1582DF1DF962810026EA9C /* tipsyTests.xctest */;
			productType = "com.apple.product-type.bundle.unit-test";
		};
		4C1582E91DF962810026EA9C /* tipsyUITests */ = {
			isa = PBXNativeTarget;
			buildConfigurationList = 4C1582F91DF962810026EA9C /* Build configuration list for PBXNativeTarget "tipsyUITests" */;
			buildPhases = (
				4C1582E61DF962810026EA9C /* Sources */,
				4C1582E71DF962810026EA9C /* Frameworks */,
				4C1582E81DF962810026EA9C /* Resources */,
			);
			buildRules = (
			);
			dependencies = (
				4C1582EC1DF962810026EA9C /* PBXTargetDependency */,
			);
			name = tipsyUITests;
			productName = tipsyUITests;
			productReference = 4C1582EA1DF962810026EA9C /* tipsyUITests.xctest */;
			productType = "com.apple.product-type.bundle.ui-testing";
		};
/* End PBXNativeTarget section */

/* Begin PBXProject section */
		4C1582C31DF962810026EA9C /* Project object */ = {
			isa = PBXProject;
			attributes = {
				LastSwiftUpdateCheck = 0810;
				LastUpgradeCheck = 0810;
				ORGANIZATIONNAME = "Derrick Wong";
				TargetAttributes = {
					4C1582CA1DF962810026EA9C = {
						CreatedOnToolsVersion = 8.1;
						ProvisioningStyle = Automatic;
					};
					4C1582DE1DF962810026EA9C = {
						CreatedOnToolsVersion = 8.1;
						ProvisioningStyle = Automatic;
						TestTargetID = 4C1582CA1DF962810026EA9C;
					};
					4C1582E91DF962810026EA9C = {
						CreatedOnToolsVersion = 8.1;
						ProvisioningStyle = Automatic;
						TestTargetID = 4C1582CA1DF962810026EA9C;
					};
				};
			};
			buildConfigurationList = 4C1582C61DF962810026EA9C /* Build configuration list for PBXProject "tipsy" */;
			compatibilityVersion = "Xcode 3.2";
			developmentRegion = English;
			hasScannedForEncodings = 0;
			knownRegions = (
				en,
				Base,
			);
			mainGroup = 4C1582C21DF962810026EA9C;
			productRefGroup = 4C1582CC1DF962810026EA9C /* Products */;
			projectDirPath = "";
			projectRoot = "";
			targets = (
				4C1582CA1DF962810026EA9C /* tipsy */,
				4C1582DE1DF962810026EA9C /* tipsyTests */,
				4C1582E91DF962810026EA9C /* tipsyUITests */,
			);
		};
/* End PBXProject section */

/* Begin PBXResourcesBuildPhase section */
		4C1582C91DF962810026EA9C /* Resources */ = {
			isa = PBXResourcesBuildPhase;
			buildActionMask = 2147483647;
			files = (
				4C1582D91DF962810026EA9C /* LaunchScreen.storyboard in Resources */,
				4C1582D61DF962810026EA9C /* Assets.xcassets in Resources */,
				4C1582D41DF962810026EA9C /* Main.storyboard in Resources */,
			);
			runOnlyForDeploymentPostprocessing = 0;
		};
		4C1582DD1DF962810026EA9C /* Resources */ = {
			isa = PBXResourcesBuildPhase;
			buildActionMask = 2147483647;
			files = (
			);
			runOnlyForDeploymentPostprocessing = 0;
		};
		4C1582E81DF962810026EA9C /* Resources */ = {
			isa = PBXResourcesBuildPhase;
			buildActionMask = 2147483647;
			files = (
			);
			runOnlyForDeploymentPostprocessing = 0;
		};
/* End PBXResourcesBuildPhase section */

/* Begin PBXSourcesBuildPhase section */
		4C1582C71DF962810026EA9C /* Sources */ = {
			isa = PBXSourcesBuildPhase;
			buildActionMask = 2147483647;
			files = (
				4C1582D11DF962810026EA9C /* ViewController.swift in Sources */,
				4C1582CF1DF962810026EA9C /* AppDelegate.swift in Sources */,
			);
			runOnlyForDeploymentPostprocessing = 0;
		};
		4C1582DB1DF962810026EA9C /* Sources */ = {
			isa = PBXSourcesBuildPhase;
			buildActionMask = 2147483647;
			files = (
				4C1582E41DF962810026EA9C /* tipsyTests.swift in Sources */,
			);
			runOnlyForDeploymentPostprocessing = 0;
		};
		4C1582E61DF962810026EA9C /* Sources */ = {
			isa = PBXSourcesBuildPhase;
			buildActionMask = 2147483647;
			files = (
				4C1582EF1DF962810026EA9C /* tipsyUITests.swift in Sources */,
			);
			runOnlyForDeploymentPostprocessing = 0;
		};
/* End PBXSourcesBuildPhase section */

/* Begin PBXTargetDependency section */
		4C1582E11DF962810026EA9C /* PBXTargetDependency */ = {
			isa = PBXTargetDependency;
			target = 4C1582CA1DF962810026EA9C /* tipsy */;
			targetProxy = 4C1582E01DF962810026EA9C /* PBXContainerItemProxy */;
		};
		4C1582EC1DF962810026EA9C /* PBXTargetDependency */ = {
			isa = PBXTargetDependency;
			target = 4C1582CA1DF962810026EA9C /* tipsy */;
			targetProxy = 4C1582EB1DF962810026EA9C /* PBXContainerItemProxy */;
		};
/* End PBXTargetDependency section */

/* Begin PBXVariantGroup section */
		4C1582D21DF962810026EA9C /* Main.storyboard */ = {
			isa = PBXVariantGroup;
			children = (
				4C1582D31DF962810026EA9C /* Base */,
			);
			name = Main.storyboard;
			sourceTree = "<group>";
		};
		4C1582D71DF962810026EA9C /* LaunchScreen.storyboard */ = {
			isa = PBXVariantGroup;
			children = (
				4C1582D81DF962810026EA9C /* Base */,
			);
			name = LaunchScreen.storyboard;
			sourceTree = "<group>";
		};
/* End PBXVariantGroup section */

/* Begin XCBuildConfiguration section */
		4C1582F11DF962810026EA9C /* Debug */ = {
			isa = XCBuildConfiguration;
			buildSettings = {
				ALWAYS_SEARCH_USER_PATHS = NO;
				CLANG_ANALYZER_NONNULL = YES;
				CLANG_CXX_LANGUAGE_STANDARD = "gnu++0x";
				CLANG_CXX_LIBRARY = "libc++";
				CLANG_ENABLE_MODULES = YES;
				CLANG_ENABLE_OBJC_ARC = YES;
				CLANG_WARN_BOOL_CONVERSION = YES;
				CLANG_WARN_CONSTANT_CONVERSION = YES;
				CLANG_WARN_DIRECT_OBJC_ISA_USAGE = YES_ERROR;
				CLANG_WARN_DOCUMENTATION_COMMENTS = YES;
				CLANG_WARN_EMPTY_BODY = YES;
				CLANG_WARN_ENUM_CONVERSION = YES;
				CLANG_WARN_INFINITE_RECURSION = YES;
				CLANG_WARN_INT_CONVERSION = YES;
				CLANG_WARN_OBJC_ROOT_CLASS = YES_ERROR;
				CLANG_WARN_SUSPICIOUS_MOVES = YES;
				CLANG_WARN_UNREACHABLE_CODE = YES;
				CLANG_WARN__DUPLICATE_METHOD_MATCH = YES;
				"CODE_SIGN_IDENTITY[sdk=iphoneos*]" = "iPhone Developer";
				COPY_PHASE_STRIP = NO;
				DEBUG_INFORMATION_FORMAT = dwarf;
				ENABLE_STRICT_OBJC_MSGSEND = YES;
				ENABLE_TESTABILITY = YES;
				GCC_C_LANGUAGE_STANDARD = gnu99;
				GCC_DYNAMIC_NO_PIC = NO;
				GCC_NO_COMMON_BLOCKS = YES;
				GCC_OPTIMIZATION_LEVEL = 0;
				GCC_PREPROCESSOR_DEFINITIONS = (
					"DEBUG=1",
					"$(inherited)",
				);
				GCC_WARN_64_TO_32_BIT_CONVERSION = YES;
				GCC_WARN_ABOUT_RETURN_TYPE = YES_ERROR;
				GCC_WARN_UNDECLARED_SELECTOR = YES;
				GCC_WARN_UNINITIALIZED_AUTOS = YES_AGGRESSIVE;
				GCC_WARN_UNUSED_FUNCTION = YES;
				GCC_WARN_UNUSED_VARIABLE = YES;
				IPHONEOS_DEPLOYMENT_TARGET = 10.1;
				MTL_ENABLE_DEBUG_INFO = YES;
				ONLY_ACTIVE_ARCH = YES;
				SDKROOT = iphoneos;
				SWIFT_ACTIVE_COMPILATION_CONDITIONS = DEBUG;
				SWIFT_OPTIMIZATION_LEVEL = "-Onone";
			};
			name = Debug;
		};
		4C1582F21DF962810026EA9C /* Release */ = {
			isa = XCBuildConfiguration;
			buildSettings = {
				ALWAYS_SEARCH_USER_PATHS = NO;
				CLANG_ANALYZER_NONNULL = YES;
				CLANG_CXX_LANGUAGE_STANDARD = "gnu++0x";
				CLANG_CXX_LIBRARY = "libc++";
				CLANG_ENABLE_MODULES = YES;
				CLANG_ENABLE_OBJC_ARC = YES;
				CLANG_WARN_BOOL_CONVERSION = YES;
				CLANG_WARN_CONSTANT_CONVERSION = YES;
				CLANG_WARN_DIRECT_OBJC_ISA_USAGE = YES_ERROR;
				CLANG_WARN_DOCUMENTATION_COMMENTS = YES;
				CLANG_WARN_EMPTY_BODY = YES;
				CLANG_WARN_ENUM_CONVERSION = YES;
				CLANG_WARN_INFINITE_RECURSION = YES;
				CLANG_WARN_INT_CONVERSION = YES;
				CLANG_WARN_OBJC_ROOT_CLASS = YES_ERROR;
				CLANG_WARN_SUSPICIOUS_MOVES = YES;
				CLANG_WARN_UNREACHABLE_CODE = YES;
				CLANG_WARN__DUPLICATE_METHOD_MATCH = YES;
				"CODE_SIGN_IDENTITY[sdk=iphoneos*]" = "iPhone Developer";
				COPY_PHASE_STRIP = NO;
				DEBUG_INFORMATION_FORMAT = "dwarf-with-dsym";
				ENABLE_NS_ASSERTIONS = NO;
				ENABLE_STRICT_OBJC_MSGSEND = YES;
				GCC_C_LANGUAGE_STANDARD = gnu99;
				GCC_NO_COMMON_BLOCKS = YES;
				GCC_WARN_64_TO_32_BIT_CONVERSION = YES;
				GCC_WARN_ABOUT_RETURN_TYPE = YES_ERROR;
				GCC_WARN_UNDECLARED_SELECTOR = YES;
				GCC_WARN_UNINITIALIZED_AUTOS = YES_AGGRESSIVE;
				GCC_WARN_UNUSED_FUNCTION = YES;
				GCC_WARN_UNUSED_VARIABLE = YES;
				IPHONEOS_DEPLOYMENT_TARGET = 10.1;
				MTL_ENABLE_DEBUG_INFO = NO;
				SDKROOT = iphoneos;
				SWIFT_OPTIMIZATION_LEVEL = "-Owholemodule";
				VALIDATE_PRODUCT = YES;
			};
			name = Release;
		};
		4C1582F41DF962810026EA9C /* Debug */ = {
			isa = XCBuildConfiguration;
			buildSettings = {
				ASSETCATALOG_COMPILER_APPICON_NAME = AppIcon;
				INFOPLIST_FILE = tipsy/Info.plist;
				LD_RUNPATH_SEARCH_PATHS = "$(inherited) @executable_path/Frameworks";
				PRODUCT_BUNDLE_IDENTIFIER = com.DerrickWong.tipsy;
				PRODUCT_NAME = "$(TARGET_NAME)";
				SWIFT_VERSION = 3.0;
			};
			name = Debug;
		};
		4C1582F51DF962810026EA9C /* Release */ = {
			isa = XCBuildConfiguration;
			buildSettings = {
				ASSETCATALOG_COMPILER_APPICON_NAME = AppIcon;
				INFOPLIST_FILE = tipsy/Info.plist;
				LD_RUNPATH_SEARCH_PATHS = "$(inherited) @executable_path/Frameworks";
				PRODUCT_BUNDLE_IDENTIFIER = com.DerrickWong.tipsy;
				PRODUCT_NAME = "$(TARGET_NAME)";
				SWIFT_VERSION = 3.0;
			};
			name = Release;
		};
		4C1582F71DF962810026EA9C /* Debug */ = {
			isa = XCBuildConfiguration;
			buildSettings = {
				ALWAYS_EMBED_SWIFT_STANDARD_LIBRARIES = YES;
				BUNDLE_LOADER = "$(TEST_HOST)";
				INFOPLIST_FILE = tipsyTests/Info.plist;
				LD_RUNPATH_SEARCH_PATHS = "$(inherited) @executable_path/Frameworks @loader_path/Frameworks";
				PRODUCT_BUNDLE_IDENTIFIER = com.DerrickWong.tipsyTests;
				PRODUCT_NAME = "$(TARGET_NAME)";
				SWIFT_VERSION = 3.0;
				TEST_HOST = "$(BUILT_PRODUCTS_DIR)/tipsy.app/tipsy";
			};
			name = Debug;
		};
		4C1582F81DF962810026EA9C /* Release */ = {
			isa = XCBuildConfiguration;
			buildSettings = {
				ALWAYS_EMBED_SWIFT_STANDARD_LIBRARIES = YES;
				BUNDLE_LOADER = "$(TEST_HOST)";
				INFOPLIST_FILE = tipsyTests/Info.plist;
				LD_RUNPATH_SEARCH_PATHS = "$(inherited) @executable_path/Frameworks @loader_path/Frameworks";
				PRODUCT_BUNDLE_IDENTIFIER = com.DerrickWong.tipsyTests;
				PRODUCT_NAME = "$(TARGET_NAME)";
				SWIFT_VERSION = 3.0;
				TEST_HOST = "$(BUILT_PRODUCTS_DIR)/tipsy.app/tipsy";
			};
			name = Release;
		};
		4C1582FA1DF962810026EA9C /* Debug */ = {
			isa = XCBuildConfiguration;
			buildSettings = {
				ALWAYS_EMBED_SWIFT_STANDARD_LIBRARIES = YES;
				INFOPLIST_FILE = tipsyUITests/Info.plist;
				LD_RUNPATH_SEARCH_PATHS = "$(inherited) @executable_path/Frameworks @loader_path/Frameworks";
				PRODUCT_BUNDLE_IDENTIFIER = com.DerrickWong.tipsyUITests;
				PRODUCT_NAME = "$(TARGET_NAME)";
				SWIFT_VERSION = 3.0;
				TEST_TARGET_NAME = tipsy;
			};
			name = Debug;
		};
		4C1582FB1DF962810026EA9C /* Release */ = {
			isa = XCBuildConfiguration;
			buildSettings = {
				ALWAYS_EMBED_SWIFT_STANDARD_LIBRARIES = YES;
				INFOPLIST_FILE = tipsyUITests/Info.plist;
				LD_RUNPATH_SEARCH_PATHS = "$(inherited) @executable_path/Frameworks @loader_path/Frameworks";
				PRODUCT_BUNDLE_IDENTIFIER = com.DerrickWong.tipsyUITests;
				PRODUCT_NAME = "$(TARGET_NAME)";
				SWIFT_VERSION = 3.0;
				TEST_TARGET_NAME = tipsy;
			};
			name = Release;
		};
/* End XCBuildConfiguration section */

/* Begin XCConfigurationList section */
		4C1582C61DF962810026EA9C /* Build configuration list for PBXProject "tipsy" */ = {
			isa = XCConfigurationList;
			buildConfigurations = (
				4C1582F11DF962810026EA9C /* Debug */,
				4C1582F21DF962810026EA9C /* Release */,
			);
			defaultConfigurationIsVisible = 0;
			defaultConfigurationName = Release;
		};
		4C1582F31DF962810026EA9C /* Build configuration list for PBXNativeTarget "tipsy" */ = {
			isa = XCConfigurationList;
			buildConfigurations = (
				4C1582F41DF962810026EA9C /* Debug */,
				4C1582F51DF962810026EA9C /* Release */,
			);
			defaultConfigurationIsVisible = 0;
		};
		4C1582F61DF962810026EA9C /* Build configuration list for PBXNativeTarget "tipsyTests" */ = {
			isa = XCConfigurationList;
			buildConfigurations = (
				4C1582F71DF962810026EA9C /* Debug */,
				4C1582F81DF962810026EA9C /* Release */,
			);
			defaultConfigurationIsVisible = 0;
		};
		4C1582F91DF962810026EA9C /* Build configuration list for PBXNativeTarget "tipsyUITests" */ = {
			isa = XCConfigurationList;
			buildConfigurations = (
				4C1582FA1DF962810026EA9C /* Debug */,
				4C1582FB1DF962810026EA9C /* Release */,
			);
			defaultConfigurationIsVisible = 0;
		};
/* End XCConfigurationList section */
	};
	rootObject = 4C1582C31DF962810026EA9C /* Project object */;
}
